
Microsoft Visual Studio Solution File, Format Version 12.00
# Visual Studio Version 17
VisualStudioVersion = 17.6.33829.357
MinimumVisualStudioVersion = 10.0.40219.1
Project("{FAE04EC0-301F-11D3-BF4B-00C04F79EFBC}") = "Examen1Formatif", "Examen1Formatif.csproj", "{050C5B41-9B50-4D4F-A660-92B50D316105}"
EndProject
Project("{FAE04EC0-301F-11D3-BF4B-00C04F79EFBC}") = "Examen1FormatifTests", "..\Examen1FormatifTests\Examen1FormatifTests.csproj", "{E77B95C5-4E4C-4FEE-83A9-A4D8A6240BC6}"
EndProject
Global
	GlobalSection(SolutionConfigurationPlatforms) = preSolution
		Debug|Any CPU = Debug|Any CPU
		Release|Any CPU = Release|Any CPU
	EndGlobalSection
	GlobalSection(ProjectConfigurationPlatforms) = postSolution
		{050C5B41-9B50-4D4F-A660-92B50D316105}.Debug|Any CPU.ActiveCfg = Debug|Any CPU
		{050C5B41-9B50-4D4F-A660-92B50D316105}.Debug|Any CPU.Build.0 = Debug|Any CPU
		{050C5B41-9B50-4D4F-A660-92B50D316105}.Release|Any CPU.ActiveCfg = Release|Any CPU
		{050C5B41-9B50-4D4F-A660-92B50D316105}.Release|Any CPU.Build.0 = Release|Any CPU
		{E77B95C5-4E4C-4FEE-83A9-A4D8A6240BC6}.Debug|Any CPU.ActiveCfg = Debug|Any CPU
		{E77B95C5-4E4C-4FEE-83A9-A4D8A6240BC6}.Debug|Any CPU.Build.0 = Debug|Any CPU
		{E77B95C5-4E4C-4FEE-83A9-A4D8A6240BC6}.Release|Any CPU.ActiveCfg = Release|Any CPU
		{E77B95C5-4E4C-4FEE-83A9-A4D8A6240BC6}.Release|Any CPU.Build.0 = Release|Any CPU
	EndGlobalSection
	GlobalSection(SolutionProperties) = preSolution
		HideSolutionNode = FALSE
	EndGlobalSection
	GlobalSection(ExtensibilityGlobals) = postSolution
		SolutionGuid = {8B361C2E-DD6D-4FE4-B655-9E0242192E43}
	EndGlobalSection
EndGlobal
